
Microsoft Visual Studio Solution File, Format Version 12.00
# Visual Studio Version 16
VisualStudioVersion = 16.0.29409.12
MinimumVisualStudioVersion = 10.0.40219.1
Project("{FAE04EC0-301F-11D3-BF4B-00C04F79EFBC}") = "GrindstoneTempoIntegration", "GrindstoneTempoIntegration\GrindstoneTempoIntegration.csproj", "{5C56792A-636F-45C7-A58B-038072C867BD}"
EndProject
Project("{FAE04EC0-301F-11D3-BF4B-00C04F79EFBC}") = "GrindstoneTempoIntegration.Domain", "GrindstoneTempoIntegration.Domain\GrindstoneTempoIntegration.Domain.csproj", "{0F0FC4B6-0FD1-42CA-ACF0-41E1D5395F1A}"
EndProject
Global
	GlobalSection(SolutionConfigurationPlatforms) = preSolution
		Debug|Any CPU = Debug|Any CPU
		Release|Any CPU = Release|Any CPU
	EndGlobalSection
	GlobalSection(ProjectConfigurationPlatforms) = postSolution
		{5C56792A-636F-45C7-A58B-038072C867BD}.Debug|Any CPU.ActiveCfg = Debug|Any CPU
		{5C56792A-636F-45C7-A58B-038072C867BD}.Debug|Any CPU.Build.0 = Debug|Any CPU
		{5C56792A-636F-45C7-A58B-038072C867BD}.Release|Any CPU.ActiveCfg = Release|Any CPU
		{5C56792A-636F-45C7-A58B-038072C867BD}.Release|Any CPU.Build.0 = Release|Any CPU
		{0F0FC4B6-0FD1-42CA-ACF0-41E1D5395F1A}.Debug|Any CPU.ActiveCfg = Debug|Any CPU
		{0F0FC4B6-0FD1-42CA-ACF0-41E1D5395F1A}.Debug|Any CPU.Build.0 = Debug|Any CPU
		{0F0FC4B6-0FD1-42CA-ACF0-41E1D5395F1A}.Release|Any CPU.ActiveCfg = Release|Any CPU
		{0F0FC4B6-0FD1-42CA-ACF0-41E1D5395F1A}.Release|Any CPU.Build.0 = Release|Any CPU
	EndGlobalSection
	GlobalSection(SolutionProperties) = preSolution
		HideSolutionNode = FALSE
	EndGlobalSection
	GlobalSection(ExtensibilityGlobals) = postSolution
		SolutionGuid = {49E7F9F1-23A0-48C3-A4B1-53B9B96385B0}
	EndGlobalSection
EndGlobal
